
Microsoft Visual Studio Solution File, Format Version 12.00
# Visual Studio Version 16
VisualStudioVersion = 16.0.30517.126
MinimumVisualStudioVersion = 10.0.40219.1
Project("{FAE04EC0-301F-11D3-BF4B-00C04F79EFBC}") = "RandomNumberGenerator", "RandomNumberGenerator\RandomNumberGenerator.csproj", "{ADF65B61-1AF9-4B94-A790-952971CA244A}"
EndProject
Global
	GlobalSection(SolutionConfigurationPlatforms) = preSolution
		Debug|Any CPU = Debug|Any CPU
		Release|Any CPU = Release|Any CPU
	EndGlobalSection
	GlobalSection(ProjectConfigurationPlatforms) = postSolution
		{ADF65B61-1AF9-4B94-A790-952971CA244A}.Debug|Any CPU.ActiveCfg = Debug|Any CPU
		{ADF65B61-1AF9-4B94-A790-952971CA244A}.Debug|Any CPU.Build.0 = Debug|Any CPU
		{ADF65B61-1AF9-4B94-A790-952971CA244A}.Release|Any CPU.ActiveCfg = Release|Any CPU
		{ADF65B61-1AF9-4B94-A790-952971CA244A}.Release|Any CPU.Build.0 = Release|Any CPU
	EndGlobalSection
	GlobalSection(SolutionProperties) = preSolution
		HideSolutionNode = FALSE
	EndGlobalSection
	GlobalSection(ExtensibilityGlobals) = postSolution
		SolutionGuid = {6BD51EA8-88FC-4074-B7B8-1B0D2A8219EB}
	EndGlobalSection
EndGlobal
